
Microsoft Visual Studio Solution File, Format Version 12.00
# Visual Studio 2012
Project("{FAE04EC0-301F-11D3-BF4B-00C04F79EFBC}") = "vote", "vote\vote.csproj", "{6AADB38F-A905-43A5-90B1-47366707C5CE}"
EndProject
Global
	GlobalSection(SolutionConfigurationPlatforms) = preSolution
		CD_ROM|Any CPU = CD_ROM|Any CPU
		Debug|Any CPU = Debug|Any CPU
		DVD-5|Any CPU = DVD-5|Any CPU
		Release|Any CPU = Release|Any CPU
		SingleImage|Any CPU = SingleImage|Any CPU
	EndGlobalSection
	GlobalSection(ProjectConfigurationPlatforms) = postSolution
		{6AADB38F-A905-43A5-90B1-47366707C5CE}.CD_ROM|Any CPU.ActiveCfg = Release|Any CPU
		{6AADB38F-A905-43A5-90B1-47366707C5CE}.CD_ROM|Any CPU.Build.0 = Release|Any CPU
		{6AADB38F-A905-43A5-90B1-47366707C5CE}.Debug|Any CPU.ActiveCfg = Debug|Any CPU
		{6AADB38F-A905-43A5-90B1-47366707C5CE}.Debug|Any CPU.Build.0 = Debug|Any CPU
		{6AADB38F-A905-43A5-90B1-47366707C5CE}.DVD-5|Any CPU.ActiveCfg = Debug|Any CPU
		{6AADB38F-A905-43A5-90B1-47366707C5CE}.DVD-5|Any CPU.Build.0 = Debug|Any CPU
		{6AADB38F-A905-43A5-90B1-47366707C5CE}.Release|Any CPU.ActiveCfg = Release|Any CPU
		{6AADB38F-A905-43A5-90B1-47366707C5CE}.Release|Any CPU.Build.0 = Release|Any CPU
		{6AADB38F-A905-43A5-90B1-47366707C5CE}.SingleImage|Any CPU.ActiveCfg = Release|Any CPU
		{6AADB38F-A905-43A5-90B1-47366707C5CE}.SingleImage|Any CPU.Build.0 = Release|Any CPU
	EndGlobalSection
	GlobalSection(SolutionProperties) = preSolution
		HideSolutionNode = FALSE
	EndGlobalSection
EndGlobal
